{
  "name": "npmDemo",
  "version": "1.0.0",
  "lockfileVersion": 1,
  "requires": true,
  "dependencies": {
    "jquery": {
      "version": "3.3.1",
      "resolved": "http://registry.npm.taobao.org/jquery/download/jquery-3.3.1.tgz",
      "integrity": "sha1-lYzinoHJeQ8xvneS311NlfxX+8o="
    },
    "xkw-0819-test": {
      "version": "1.0.6",
      "resolved": "https://registry.npmjs.org/xkw-0819-test/-/xkw-0819-test-1.0.6.tgz",
      "integrity": "sha512-CRp3CAQBhLwe6PWvIyPkkNbaFvNMtV18x8abYVKUtNg+4i76Xe7CyWfmWfOFbfYo/PWT0QwCo01KyfklZAVJNQ=="
    }
  }
}
